
Microsoft Visual Studio Solution File, Format Version 12.00
# Visual Studio Version 17
VisualStudioVersion = 17.10.35004.147
MinimumVisualStudioVersion = 10.0.40219.1
Project("{FAE04EC0-301F-11D3-BF4B-00C04F79EFBC}") = "abstract_Buoi8", "abstract_Buoi8.csproj", "{D17720AA-DD7E-45AF-81E4-1CF41DEF9B79}"
EndProject
Global
	GlobalSection(SolutionConfigurationPlatforms) = preSolution
		Debug|Any CPU = Debug|Any CPU
		Release|Any CPU = Release|Any CPU
	EndGlobalSection
	GlobalSection(ProjectConfigurationPlatforms) = postSolution
		{D17720AA-DD7E-45AF-81E4-1CF41DEF9B79}.Debug|Any CPU.ActiveCfg = Debug|Any CPU
		{D17720AA-DD7E-45AF-81E4-1CF41DEF9B79}.Debug|Any CPU.Build.0 = Debug|Any CPU
		{D17720AA-DD7E-45AF-81E4-1CF41DEF9B79}.Release|Any CPU.ActiveCfg = Release|Any CPU
		{D17720AA-DD7E-45AF-81E4-1CF41DEF9B79}.Release|Any CPU.Build.0 = Release|Any CPU
	EndGlobalSection
	GlobalSection(SolutionProperties) = preSolution
		HideSolutionNode = FALSE
	EndGlobalSection
	GlobalSection(ExtensibilityGlobals) = postSolution
		SolutionGuid = {1C456A69-2B5D-4BE1-BD48-F84DC5A5077F}
	EndGlobalSection
EndGlobal
